
Microsoft Visual Studio Solution File, Format Version 12.00
# Visual Studio Version 16
VisualStudioVersion = 16.0.31019.35
MinimumVisualStudioVersion = 10.0.40219.1
Project("{FAE04EC0-301F-11D3-BF4B-00C04F79EFBC}") = "SongsApp", "SongsApp\SongsApp.csproj", "{6CD8327F-95DE-4F72-9D47-6FD753891058}"
EndProject
Global
	GlobalSection(SolutionConfigurationPlatforms) = preSolution
		Debug|Any CPU = Debug|Any CPU
		Release|Any CPU = Release|Any CPU
	EndGlobalSection
	GlobalSection(ProjectConfigurationPlatforms) = postSolution
		{6CD8327F-95DE-4F72-9D47-6FD753891058}.Debug|Any CPU.ActiveCfg = Debug|Any CPU
		{6CD8327F-95DE-4F72-9D47-6FD753891058}.Debug|Any CPU.Build.0 = Debug|Any CPU
		{6CD8327F-95DE-4F72-9D47-6FD753891058}.Release|Any CPU.ActiveCfg = Release|Any CPU
		{6CD8327F-95DE-4F72-9D47-6FD753891058}.Release|Any CPU.Build.0 = Release|Any CPU
	EndGlobalSection
	GlobalSection(SolutionProperties) = preSolution
		HideSolutionNode = FALSE
	EndGlobalSection
	GlobalSection(ExtensibilityGlobals) = postSolution
		SolutionGuid = {29D8F7A6-C594-4BB3-A9EA-1910A6E90982}
	EndGlobalSection
EndGlobal
